
Microsoft Visual Studio Solution File, Format Version 12.00
# Visual Studio 14
VisualStudioVersion = 14.0.25420.1
MinimumVisualStudioVersion = 10.0.40219.1
Project("{FAE04EC0-301F-11D3-BF4B-00C04F79EFBC}") = "ModernWebStore.Domain", "ModernWebStore.Domain\ModernWebStore.Domain.csproj", "{3E3103FE-3C9C-433B-B274-286E971397B8}"
EndProject
Project("{2150E333-8FDC-42A3-9474-1A3956D46DE8}") = "5 - Tests", "5 - Tests", "{B347D96B-0B66-4CF1-ADCE-A4E664B3F405}"
EndProject
Project("{2150E333-8FDC-42A3-9474-1A3956D46DE8}") = "3 - Domain", "3 - Domain", "{597C6F4F-5138-40D1-A1DF-201B2B3AF142}"
EndProject
Project("{FAE04EC0-301F-11D3-BF4B-00C04F79EFBC}") = "ModernWebStore.Domain.Tests", "ModernWebStore.Domain.Tests\ModernWebStore.Domain.Tests.csproj", "{02179182-C816-48D1-9A69-2E831936BA8F}"
EndProject
Project("{FAE04EC0-301F-11D3-BF4B-00C04F79EFBC}") = "ModernWebStore.SharedKernel", "ModernWebStore.SharedKernel\ModernWebStore.SharedKernel.csproj", "{ED013128-CB94-4F72-9D51-3694283AC615}"
EndProject
Project("{2150E333-8FDC-42A3-9474-1A3956D46DE8}") = "4 - Infrastructure", "4 - Infrastructure", "{0562FF04-A276-4158-96A9-CF22C871B23D}"
EndProject
Project("{FAE04EC0-301F-11D3-BF4B-00C04F79EFBC}") = "ModernWebStore.Infrastructure", "ModernWebStore.Infrastructure\ModernWebStore.Infrastructure.csproj", "{A6123E48-74D8-4930-8640-5043DA3D203D}"
EndProject
Project("{2150E333-8FDC-42A3-9474-1A3956D46DE8}") = "2 - Application Service", "2 - Application Service", "{039D5D9C-B8F2-4F09-B0D4-0E6028720CDF}"
EndProject
Project("{FAE04EC0-301F-11D3-BF4B-00C04F79EFBC}") = "ModernWebStore.ApplicationService", "ModernWebStore.ApplicationService\ModernWebStore.ApplicationService.csproj", "{52113F15-B314-4FD9-A13E-D4FBCABFBD8A}"
EndProject
Project("{FAE04EC0-301F-11D3-BF4B-00C04F79EFBC}") = "ModernWebStore.CrossCutting", "ModernWebStore.CrossCutting\ModernWebStore.CrossCutting.csproj", "{B5A5CC4C-1F10-4EBC-9E0C-4D304F5654BA}"
EndProject
Project("{2150E333-8FDC-42A3-9474-1A3956D46DE8}") = "1 - Api", "1 - Api", "{EA6391C2-5A54-4D50-A976-E97EF0FF22F0}"
EndProject
Project("{FAE04EC0-301F-11D3-BF4B-00C04F79EFBC}") = "ModernWebStore.Api", "ModernWebStore.Api\ModernWebStore.Api.csproj", "{6B39A186-D031-4929-A07C-56FE904D83D6}"
EndProject
Global
	GlobalSection(SolutionConfigurationPlatforms) = preSolution
		Debug|Any CPU = Debug|Any CPU
		Release|Any CPU = Release|Any CPU
	EndGlobalSection
	GlobalSection(ProjectConfigurationPlatforms) = postSolution
		{3E3103FE-3C9C-433B-B274-286E971397B8}.Debug|Any CPU.ActiveCfg = Debug|Any CPU
		{3E3103FE-3C9C-433B-B274-286E971397B8}.Debug|Any CPU.Build.0 = Debug|Any CPU
		{3E3103FE-3C9C-433B-B274-286E971397B8}.Release|Any CPU.ActiveCfg = Release|Any CPU
		{3E3103FE-3C9C-433B-B274-286E971397B8}.Release|Any CPU.Build.0 = Release|Any CPU
		{02179182-C816-48D1-9A69-2E831936BA8F}.Debug|Any CPU.ActiveCfg = Debug|Any CPU
		{02179182-C816-48D1-9A69-2E831936BA8F}.Debug|Any CPU.Build.0 = Debug|Any CPU
		{02179182-C816-48D1-9A69-2E831936BA8F}.Release|Any CPU.ActiveCfg = Release|Any CPU
		{02179182-C816-48D1-9A69-2E831936BA8F}.Release|Any CPU.Build.0 = Release|Any CPU
		{ED013128-CB94-4F72-9D51-3694283AC615}.Debug|Any CPU.ActiveCfg = Debug|Any CPU
		{ED013128-CB94-4F72-9D51-3694283AC615}.Debug|Any CPU.Build.0 = Debug|Any CPU
		{ED013128-CB94-4F72-9D51-3694283AC615}.Release|Any CPU.ActiveCfg = Release|Any CPU
		{ED013128-CB94-4F72-9D51-3694283AC615}.Release|Any CPU.Build.0 = Release|Any CPU
		{A6123E48-74D8-4930-8640-5043DA3D203D}.Debug|Any CPU.ActiveCfg = Debug|Any CPU
		{A6123E48-74D8-4930-8640-5043DA3D203D}.Debug|Any CPU.Build.0 = Debug|Any CPU
		{A6123E48-74D8-4930-8640-5043DA3D203D}.Release|Any CPU.ActiveCfg = Release|Any CPU
		{A6123E48-74D8-4930-8640-5043DA3D203D}.Release|Any CPU.Build.0 = Release|Any CPU
		{52113F15-B314-4FD9-A13E-D4FBCABFBD8A}.Debug|Any CPU.ActiveCfg = Debug|Any CPU
		{52113F15-B314-4FD9-A13E-D4FBCABFBD8A}.Debug|Any CPU.Build.0 = Debug|Any CPU
		{52113F15-B314-4FD9-A13E-D4FBCABFBD8A}.Release|Any CPU.ActiveCfg = Release|Any CPU
		{52113F15-B314-4FD9-A13E-D4FBCABFBD8A}.Release|Any CPU.Build.0 = Release|Any CPU
		{B5A5CC4C-1F10-4EBC-9E0C-4D304F5654BA}.Debug|Any CPU.ActiveCfg = Debug|Any CPU
		{B5A5CC4C-1F10-4EBC-9E0C-4D304F5654BA}.Debug|Any CPU.Build.0 = Debug|Any CPU
		{B5A5CC4C-1F10-4EBC-9E0C-4D304F5654BA}.Release|Any CPU.ActiveCfg = Release|Any CPU
		{B5A5CC4C-1F10-4EBC-9E0C-4D304F5654BA}.Release|Any CPU.Build.0 = Release|Any CPU
		{6B39A186-D031-4929-A07C-56FE904D83D6}.Debug|Any CPU.ActiveCfg = Debug|Any CPU
		{6B39A186-D031-4929-A07C-56FE904D83D6}.Debug|Any CPU.Build.0 = Debug|Any CPU
		{6B39A186-D031-4929-A07C-56FE904D83D6}.Release|Any CPU.ActiveCfg = Release|Any CPU
		{6B39A186-D031-4929-A07C-56FE904D83D6}.Release|Any CPU.Build.0 = Release|Any CPU
	EndGlobalSection
	GlobalSection(SolutionProperties) = preSolution
		HideSolutionNode = FALSE
	EndGlobalSection
	GlobalSection(NestedProjects) = preSolution
		{3E3103FE-3C9C-433B-B274-286E971397B8} = {597C6F4F-5138-40D1-A1DF-201B2B3AF142}
		{02179182-C816-48D1-9A69-2E831936BA8F} = {B347D96B-0B66-4CF1-ADCE-A4E664B3F405}
		{ED013128-CB94-4F72-9D51-3694283AC615} = {597C6F4F-5138-40D1-A1DF-201B2B3AF142}
		{A6123E48-74D8-4930-8640-5043DA3D203D} = {0562FF04-A276-4158-96A9-CF22C871B23D}
		{52113F15-B314-4FD9-A13E-D4FBCABFBD8A} = {039D5D9C-B8F2-4F09-B0D4-0E6028720CDF}
		{B5A5CC4C-1F10-4EBC-9E0C-4D304F5654BA} = {0562FF04-A276-4158-96A9-CF22C871B23D}
		{6B39A186-D031-4929-A07C-56FE904D83D6} = {EA6391C2-5A54-4D50-A976-E97EF0FF22F0}
	EndGlobalSection
EndGlobal
